
Microsoft Visual Studio Solution File, Format Version 12.00
# Visual Studio Version 17
VisualStudioVersion = 17.5.002.0
MinimumVisualStudioVersion = 10.0.40219.1
Project("{2150E333-8FDC-42A3-9474-1A3956D46DE8}") = "ornarium_api", "ornarium_api", "{F35036FA-D966-413A-AD60-FF24E7A3FF2E}"
EndProject
Project("{9A19103F-16F7-4668-BE54-9A1E7A4F7556}") = "ornarium_api", "ornarium_api\ornarium_api\ornarium_api.csproj", "{DF54E752-B1E1-41E0-A333-344832C99442}"
EndProject
Global
	GlobalSection(SolutionConfigurationPlatforms) = preSolution
		Debug|Any CPU = Debug|Any CPU
		Release|Any CPU = Release|Any CPU
	EndGlobalSection
	GlobalSection(ProjectConfigurationPlatforms) = postSolution
		{DF54E752-B1E1-41E0-A333-344832C99442}.Debug|Any CPU.ActiveCfg = Debug|Any CPU
		{DF54E752-B1E1-41E0-A333-344832C99442}.Debug|Any CPU.Build.0 = Debug|Any CPU
		{DF54E752-B1E1-41E0-A333-344832C99442}.Release|Any CPU.ActiveCfg = Release|Any CPU
		{DF54E752-B1E1-41E0-A333-344832C99442}.Release|Any CPU.Build.0 = Release|Any CPU
	EndGlobalSection
	GlobalSection(SolutionProperties) = preSolution
		HideSolutionNode = FALSE
	EndGlobalSection
	GlobalSection(NestedProjects) = preSolution
		{DF54E752-B1E1-41E0-A333-344832C99442} = {F35036FA-D966-413A-AD60-FF24E7A3FF2E}
	EndGlobalSection
	GlobalSection(ExtensibilityGlobals) = postSolution
		SolutionGuid = {16D63D50-ADB3-4B7C-9C4F-B0EB11529726}
	EndGlobalSection
EndGlobal
